
Microsoft Visual Studio Solution File, Format Version 12.00
# Visual Studio 15
VisualStudioVersion = 15.0.27703.2047
MinimumVisualStudioVersion = 10.0.40219.1
Project("{FAE04EC0-301F-11D3-BF4B-00C04F79EFBC}") = "MixwellWeb", "MixwellWeb\MixwellWeb.csproj", "{DFADFB35-0BAD-4486-AB30-2348A0126CD6}"
EndProject
Project("{FAE04EC0-301F-11D3-BF4B-00C04F79EFBC}") = "MixwellWcf", "MixwellWcf\MixwellWcf.csproj", "{CDBFDF88-35CA-4BBE-B328-2E42A26911DA}"
EndProject
Project("{FAE04EC0-301F-11D3-BF4B-00C04F79EFBC}") = "MixwellMvc", "MixwellMvc\MixwellMvc.csproj", "{EE441DD8-E1B4-472C-AF3B-3B40D7E664E6}"
EndProject
Project("{FAE04EC0-301F-11D3-BF4B-00C04F79EFBC}") = "MixwellAngular", "MixwellAngular\MixwellAngular.csproj", "{247D7F80-EDB0-4DBB-96FC-17EE5799127A}"
EndProject
Project("{FAE04EC0-301F-11D3-BF4B-00C04F79EFBC}") = "MixwellWPF", "WixwellWPF\MixwellWPF.csproj", "{54BC8B60-FC9C-407B-BF16-E2AE5FC8A695}"
EndProject
Project("{FAE04EC0-301F-11D3-BF4B-00C04F79EFBC}") = "MixwellConsole", "MixwellConsole\MixwellConsole.csproj", "{82884F02-57EA-4F99-A1C6-FAC37D00CBEC}"
EndProject
Project("{FAE04EC0-301F-11D3-BF4B-00C04F79EFBC}") = "MixwellWebAPI", "MixwellWebAPI\MixwellWebAPI.csproj", "{72F614A5-EBBA-496C-A32B-0B43BFC76E2A}"
EndProject
Global
	GlobalSection(SolutionConfigurationPlatforms) = preSolution
		Debug|Any CPU = Debug|Any CPU
		Release|Any CPU = Release|Any CPU
	EndGlobalSection
	GlobalSection(ProjectConfigurationPlatforms) = postSolution
		{DFADFB35-0BAD-4486-AB30-2348A0126CD6}.Debug|Any CPU.ActiveCfg = Debug|Any CPU
		{DFADFB35-0BAD-4486-AB30-2348A0126CD6}.Debug|Any CPU.Build.0 = Debug|Any CPU
		{DFADFB35-0BAD-4486-AB30-2348A0126CD6}.Release|Any CPU.ActiveCfg = Release|Any CPU
		{DFADFB35-0BAD-4486-AB30-2348A0126CD6}.Release|Any CPU.Build.0 = Release|Any CPU
		{CDBFDF88-35CA-4BBE-B328-2E42A26911DA}.Debug|Any CPU.ActiveCfg = Debug|Any CPU
		{CDBFDF88-35CA-4BBE-B328-2E42A26911DA}.Debug|Any CPU.Build.0 = Debug|Any CPU
		{CDBFDF88-35CA-4BBE-B328-2E42A26911DA}.Release|Any CPU.ActiveCfg = Release|Any CPU
		{CDBFDF88-35CA-4BBE-B328-2E42A26911DA}.Release|Any CPU.Build.0 = Release|Any CPU
		{EE441DD8-E1B4-472C-AF3B-3B40D7E664E6}.Debug|Any CPU.ActiveCfg = Debug|Any CPU
		{EE441DD8-E1B4-472C-AF3B-3B40D7E664E6}.Debug|Any CPU.Build.0 = Debug|Any CPU
		{EE441DD8-E1B4-472C-AF3B-3B40D7E664E6}.Release|Any CPU.ActiveCfg = Release|Any CPU
		{EE441DD8-E1B4-472C-AF3B-3B40D7E664E6}.Release|Any CPU.Build.0 = Release|Any CPU
		{247D7F80-EDB0-4DBB-96FC-17EE5799127A}.Debug|Any CPU.ActiveCfg = Debug|Any CPU
		{247D7F80-EDB0-4DBB-96FC-17EE5799127A}.Debug|Any CPU.Build.0 = Debug|Any CPU
		{247D7F80-EDB0-4DBB-96FC-17EE5799127A}.Release|Any CPU.ActiveCfg = Release|Any CPU
		{247D7F80-EDB0-4DBB-96FC-17EE5799127A}.Release|Any CPU.Build.0 = Release|Any CPU
		{54BC8B60-FC9C-407B-BF16-E2AE5FC8A695}.Debug|Any CPU.ActiveCfg = Debug|Any CPU
		{54BC8B60-FC9C-407B-BF16-E2AE5FC8A695}.Debug|Any CPU.Build.0 = Debug|Any CPU
		{54BC8B60-FC9C-407B-BF16-E2AE5FC8A695}.Release|Any CPU.ActiveCfg = Release|Any CPU
		{54BC8B60-FC9C-407B-BF16-E2AE5FC8A695}.Release|Any CPU.Build.0 = Release|Any CPU
		{82884F02-57EA-4F99-A1C6-FAC37D00CBEC}.Debug|Any CPU.ActiveCfg = Debug|Any CPU
		{82884F02-57EA-4F99-A1C6-FAC37D00CBEC}.Debug|Any CPU.Build.0 = Debug|Any CPU
		{82884F02-57EA-4F99-A1C6-FAC37D00CBEC}.Release|Any CPU.ActiveCfg = Release|Any CPU
		{82884F02-57EA-4F99-A1C6-FAC37D00CBEC}.Release|Any CPU.Build.0 = Release|Any CPU
		{72F614A5-EBBA-496C-A32B-0B43BFC76E2A}.Debug|Any CPU.ActiveCfg = Debug|Any CPU
		{72F614A5-EBBA-496C-A32B-0B43BFC76E2A}.Debug|Any CPU.Build.0 = Debug|Any CPU
		{72F614A5-EBBA-496C-A32B-0B43BFC76E2A}.Release|Any CPU.ActiveCfg = Release|Any CPU
		{72F614A5-EBBA-496C-A32B-0B43BFC76E2A}.Release|Any CPU.Build.0 = Release|Any CPU
	EndGlobalSection
	GlobalSection(SolutionProperties) = preSolution
		HideSolutionNode = FALSE
	EndGlobalSection
	GlobalSection(ExtensibilityGlobals) = postSolution
		SolutionGuid = {71D73B3B-343C-4E42-BA61-5D19AE8A4004}
	EndGlobalSection
EndGlobal
