
Microsoft Visual Studio Solution File, Format Version 12.00
# Visual Studio 15
VisualStudioVersion = 15.0.27703.2047
MinimumVisualStudioVersion = 10.0.40219.1
Project("{FAE04EC0-301F-11D3-BF4B-00C04F79EFBC}") = "MixwellWeb", "MixwellWeb\MixwellWeb.csproj", "{DFADFB35-0BAD-4486-AB30-2348A0126CD6}"
EndProject
Project("{FAE04EC0-301F-11D3-BF4B-00C04F79EFBC}") = "MixwellWcf", "MixwellWcf\MixwellWcf.csproj", "{CDBFDF88-35CA-4BBE-B328-2E42A26911DA}"
EndProject
Project("{FAE04EC0-301F-11D3-BF4B-00C04F79EFBC}") = "MixwellMvc", "MixwellMvc\MixwellMvc.csproj", "{EE441DD8-E1B4-472C-AF3B-3B40D7E664E6}"
EndProject
Project("{FAE04EC0-301F-11D3-BF4B-00C04F79EFBC}") = "MixwellWPF", "WixwellWPF\MixwellWPF.csproj", "{54BC8B60-FC9C-407B-BF16-E2AE5FC8A695}"
EndProject
Project("{FAE04EC0-301F-11D3-BF4B-00C04F79EFBC}") = "MixwellConsole", "MixwellConsole\MixwellConsole.csproj", "{82884F02-57EA-4F99-A1C6-FAC37D00CBEC}"
EndProject
Project("{FAE04EC0-301F-11D3-BF4B-00C04F79EFBC}") = "MixwellWebAPI", "MixwellWebAPI\MixwellWebAPI.csproj", "{72F614A5-EBBA-496C-A32B-0B43BFC76E2A}"
EndProject
Project("{9A19103F-16F7-4668-BE54-9A1E7A4F7556}") = "MixwellAngular", "MixwellAngular\MixwellAngular.csproj", "{32EBAD62-9FEA-4A35-9F84-96B710504D7A}"
EndProject
Project("{2150E333-8FDC-42A3-9474-1A3956D46DE8}") = "MixwellWebService", "MixwellWebService", "{10C7BDF4-C780-458E-BEC5-4169CFE132BB}"
	ProjectSection(SolutionItems) = preProject
		..\README.md = ..\README.md
	EndProjectSection
EndProject
Project("{888888A0-9F3D-457C-B088-3A5042F75D52}") = "MixwellSoftware", "MixwellSoftware.pyproj", "{D2B4B11C-CC43-40BA-BD5C-B8FAE26222AD}"
EndProject
Project("{888888A0-9F3D-457C-B088-3A5042F75D52}") = "MixwellPython", "MixwellPython\MixwellPython.pyproj", "{4AC2DBB6-111F-4F89-AE9E-73D6D33F64CF}"
EndProject
Project("{888888A0-9F3D-457C-B088-3A5042F75D52}") = "MixwellWebsevice", "MixwellWebsevice\MixwellWebsevice.pyproj", "{CA2E2079-0B95-455C-9FB2-16030B3E7BD6}"
EndProject
Global
	GlobalSection(SolutionConfigurationPlatforms) = preSolution
		Debug|Any CPU = Debug|Any CPU
		Release|Any CPU = Release|Any CPU
	EndGlobalSection
	GlobalSection(ProjectConfigurationPlatforms) = postSolution
		{DFADFB35-0BAD-4486-AB30-2348A0126CD6}.Debug|Any CPU.ActiveCfg = Debug|Any CPU
		{DFADFB35-0BAD-4486-AB30-2348A0126CD6}.Debug|Any CPU.Build.0 = Debug|Any CPU
		{DFADFB35-0BAD-4486-AB30-2348A0126CD6}.Release|Any CPU.ActiveCfg = Release|Any CPU
		{DFADFB35-0BAD-4486-AB30-2348A0126CD6}.Release|Any CPU.Build.0 = Release|Any CPU
		{CDBFDF88-35CA-4BBE-B328-2E42A26911DA}.Debug|Any CPU.ActiveCfg = Debug|Any CPU
		{CDBFDF88-35CA-4BBE-B328-2E42A26911DA}.Debug|Any CPU.Build.0 = Debug|Any CPU
		{CDBFDF88-35CA-4BBE-B328-2E42A26911DA}.Release|Any CPU.ActiveCfg = Release|Any CPU
		{CDBFDF88-35CA-4BBE-B328-2E42A26911DA}.Release|Any CPU.Build.0 = Release|Any CPU
		{EE441DD8-E1B4-472C-AF3B-3B40D7E664E6}.Debug|Any CPU.ActiveCfg = Debug|Any CPU
		{EE441DD8-E1B4-472C-AF3B-3B40D7E664E6}.Debug|Any CPU.Build.0 = Debug|Any CPU
		{EE441DD8-E1B4-472C-AF3B-3B40D7E664E6}.Release|Any CPU.ActiveCfg = Release|Any CPU
		{EE441DD8-E1B4-472C-AF3B-3B40D7E664E6}.Release|Any CPU.Build.0 = Release|Any CPU
		{54BC8B60-FC9C-407B-BF16-E2AE5FC8A695}.Debug|Any CPU.ActiveCfg = Debug|Any CPU
		{54BC8B60-FC9C-407B-BF16-E2AE5FC8A695}.Debug|Any CPU.Build.0 = Debug|Any CPU
		{54BC8B60-FC9C-407B-BF16-E2AE5FC8A695}.Release|Any CPU.ActiveCfg = Release|Any CPU
		{54BC8B60-FC9C-407B-BF16-E2AE5FC8A695}.Release|Any CPU.Build.0 = Release|Any CPU
		{82884F02-57EA-4F99-A1C6-FAC37D00CBEC}.Debug|Any CPU.ActiveCfg = Debug|Any CPU
		{82884F02-57EA-4F99-A1C6-FAC37D00CBEC}.Debug|Any CPU.Build.0 = Debug|Any CPU
		{82884F02-57EA-4F99-A1C6-FAC37D00CBEC}.Release|Any CPU.ActiveCfg = Release|Any CPU
		{82884F02-57EA-4F99-A1C6-FAC37D00CBEC}.Release|Any CPU.Build.0 = Release|Any CPU
		{72F614A5-EBBA-496C-A32B-0B43BFC76E2A}.Debug|Any CPU.ActiveCfg = Debug|Any CPU
		{72F614A5-EBBA-496C-A32B-0B43BFC76E2A}.Debug|Any CPU.Build.0 = Debug|Any CPU
		{72F614A5-EBBA-496C-A32B-0B43BFC76E2A}.Release|Any CPU.ActiveCfg = Release|Any CPU
		{72F614A5-EBBA-496C-A32B-0B43BFC76E2A}.Release|Any CPU.Build.0 = Release|Any CPU
		{32EBAD62-9FEA-4A35-9F84-96B710504D7A}.Debug|Any CPU.ActiveCfg = Debug|Any CPU
		{32EBAD62-9FEA-4A35-9F84-96B710504D7A}.Debug|Any CPU.Build.0 = Debug|Any CPU
		{32EBAD62-9FEA-4A35-9F84-96B710504D7A}.Release|Any CPU.ActiveCfg = Release|Any CPU
		{32EBAD62-9FEA-4A35-9F84-96B710504D7A}.Release|Any CPU.Build.0 = Release|Any CPU
		{D2B4B11C-CC43-40BA-BD5C-B8FAE26222AD}.Debug|Any CPU.ActiveCfg = Debug|Any CPU
		{D2B4B11C-CC43-40BA-BD5C-B8FAE26222AD}.Release|Any CPU.ActiveCfg = Release|Any CPU
		{4AC2DBB6-111F-4F89-AE9E-73D6D33F64CF}.Debug|Any CPU.ActiveCfg = Debug|Any CPU
		{4AC2DBB6-111F-4F89-AE9E-73D6D33F64CF}.Release|Any CPU.ActiveCfg = Release|Any CPU
		{CA2E2079-0B95-455C-9FB2-16030B3E7BD6}.Debug|Any CPU.ActiveCfg = Debug|Any CPU
		{CA2E2079-0B95-455C-9FB2-16030B3E7BD6}.Debug|Any CPU.Build.0 = Debug|Any CPU
		{CA2E2079-0B95-455C-9FB2-16030B3E7BD6}.Release|Any CPU.ActiveCfg = Release|Any CPU
		{CA2E2079-0B95-455C-9FB2-16030B3E7BD6}.Release|Any CPU.Build.0 = Release|Any CPU
	EndGlobalSection
	GlobalSection(SolutionProperties) = preSolution
		HideSolutionNode = FALSE
	EndGlobalSection
	GlobalSection(ExtensibilityGlobals) = postSolution
		SolutionGuid = {71D73B3B-343C-4E42-BA61-5D19AE8A4004}
	EndGlobalSection
EndGlobal
