
Microsoft Visual Studio Solution File, Format Version 12.00
# Visual Studio 15
VisualStudioVersion = 15.0.28010.2050
MinimumVisualStudioVersion = 10.0.40219.1
Project("{FAE04EC0-301F-11D3-BF4B-00C04F79EFBC}") = "MixwellNuGet", "MixwellNuGet.csproj", "{E12D42E9-7C7F-46EF-95CA-473BC2E30580}"
EndProject
Project("{FAE04EC0-301F-11D3-BF4B-00C04F79EFBC}") = "MixwellNuGetTests", "..\MixwellNuGetTests\MixwellNuGetTests.csproj", "{AE46E2C2-83DD-412C-BDB0-BC38264E4F1D}"
EndProject
Global
	GlobalSection(SolutionConfigurationPlatforms) = preSolution
		Debug|Any CPU = Debug|Any CPU
		Release|Any CPU = Release|Any CPU
	EndGlobalSection
	GlobalSection(ProjectConfigurationPlatforms) = postSolution
		{E12D42E9-7C7F-46EF-95CA-473BC2E30580}.Debug|Any CPU.ActiveCfg = Debug|Any CPU
		{E12D42E9-7C7F-46EF-95CA-473BC2E30580}.Debug|Any CPU.Build.0 = Debug|Any CPU
		{E12D42E9-7C7F-46EF-95CA-473BC2E30580}.Release|Any CPU.ActiveCfg = Release|Any CPU
		{E12D42E9-7C7F-46EF-95CA-473BC2E30580}.Release|Any CPU.Build.0 = Release|Any CPU
		{AE46E2C2-83DD-412C-BDB0-BC38264E4F1D}.Debug|Any CPU.ActiveCfg = Debug|Any CPU
		{AE46E2C2-83DD-412C-BDB0-BC38264E4F1D}.Debug|Any CPU.Build.0 = Debug|Any CPU
		{AE46E2C2-83DD-412C-BDB0-BC38264E4F1D}.Release|Any CPU.ActiveCfg = Release|Any CPU
		{AE46E2C2-83DD-412C-BDB0-BC38264E4F1D}.Release|Any CPU.Build.0 = Release|Any CPU
	EndGlobalSection
	GlobalSection(SolutionProperties) = preSolution
		HideSolutionNode = FALSE
	EndGlobalSection
	GlobalSection(ExtensibilityGlobals) = postSolution
		SolutionGuid = {0CC4F190-41DB-43D7-B44C-FDC9AC6C4B37}
	EndGlobalSection
EndGlobal
